
Microsoft Visual Studio Solution File, Format Version 12.00
# Visual Studio Version 16
VisualStudioVersion = 16.0.28803.202
MinimumVisualStudioVersion = 10.0.40219.1
Project("{FAE04EC0-301F-11D3-BF4B-00C04F79EFBC}") = "Dental", "Dental\Dental.csproj", "{6E4468F7-BE40-4200-87CC-D28AA3B4A3A0}"
EndProject
Global
	GlobalSection(SolutionConfigurationPlatforms) = preSolution
		Debug|Any CPU = Debug|Any CPU
		Release|Any CPU = Release|Any CPU
	EndGlobalSection
	GlobalSection(ProjectConfigurationPlatforms) = postSolution
		{6E4468F7-BE40-4200-87CC-D28AA3B4A3A0}.Debug|Any CPU.ActiveCfg = Debug|Any CPU
		{6E4468F7-BE40-4200-87CC-D28AA3B4A3A0}.Debug|Any CPU.Build.0 = Debug|Any CPU
		{6E4468F7-BE40-4200-87CC-D28AA3B4A3A0}.Release|Any CPU.ActiveCfg = Release|Any CPU
		{6E4468F7-BE40-4200-87CC-D28AA3B4A3A0}.Release|Any CPU.Build.0 = Release|Any CPU
	EndGlobalSection
	GlobalSection(SolutionProperties) = preSolution
		HideSolutionNode = FALSE
	EndGlobalSection
	GlobalSection(ExtensibilityGlobals) = postSolution
		SolutionGuid = {C042D3E3-6E66-4505-B13A-40A9ECFB906C}
	EndGlobalSection
EndGlobal
